
Microsoft Visual Studio Solution File, Format Version 12.00
# Visual Studio Version 17
VisualStudioVersion = 17.6.33815.320
MinimumVisualStudioVersion = 10.0.40219.1
Project("{FAE04EC0-301F-11D3-BF4B-00C04F79EFBC}") = "WindowsFormsTest1", "WindowsFormsTest1\WindowsFormsTest1.csproj", "{2C75499F-AF42-4D37-A143-4C8D094111DE}"
EndProject
Global
	GlobalSection(SolutionConfigurationPlatforms) = preSolution
		Debug|Any CPU = Debug|Any CPU
		Release|Any CPU = Release|Any CPU
	EndGlobalSection
	GlobalSection(ProjectConfigurationPlatforms) = postSolution
		{2C75499F-AF42-4D37-A143-4C8D094111DE}.Debug|Any CPU.ActiveCfg = Debug|Any CPU
		{2C75499F-AF42-4D37-A143-4C8D094111DE}.Debug|Any CPU.Build.0 = Debug|Any CPU
		{2C75499F-AF42-4D37-A143-4C8D094111DE}.Release|Any CPU.ActiveCfg = Release|Any CPU
		{2C75499F-AF42-4D37-A143-4C8D094111DE}.Release|Any CPU.Build.0 = Release|Any CPU
	EndGlobalSection
	GlobalSection(SolutionProperties) = preSolution
		HideSolutionNode = FALSE
	EndGlobalSection
	GlobalSection(ExtensibilityGlobals) = postSolution
		SolutionGuid = {68305401-B169-47B2-980E-9FE510C377ED}
	EndGlobalSection
EndGlobal
